Microsoft Visual Studio Solution File, Format Version 7.00
Project("{8BC9CEB8-8B4A-11D0-8D11-00A0C91BC942}") = "DXTCNormalMaps", "DXTCNormalMaps.vcproj", "{912977C3-727C-4808-8452-2582CACAC712}"
EndProject
Global
	GlobalSection(SolutionConfiguration) = preSolution
		ConfigName.0 = Debug
		ConfigName.1 = Release
	EndGlobalSection
	GlobalSection(ProjectDependencies) = postSolution
	EndGlobalSection
	GlobalSection(ProjectConfiguration) = postSolution
		{912977C3-727C-4808-8452-2582CACAC712}.Debug.ActiveCfg = Debug|Win32
		{912977C3-727C-4808-8452-2582CACAC712}.Debug.Build.0 = Debug|Win32
		{912977C3-727C-4808-8452-2582CACAC712}.Release.ActiveCfg = Release|Win32
		{912977C3-727C-4808-8452-2582CACAC712}.Release.Build.0 = Release|Win32
	EndGlobalSection
	GlobalSection(ExtensibilityGlobals) = postSolution
	EndGlobalSection
	GlobalSection(ExtensibilityAddIns) = postSolution
	EndGlobalSection
EndGlobal
