Microsoft Visual Studio Solution File, Format Version 7.00
Project("{8BC9CEB8-8B4A-11D0-8D11-00A0C91BC942}") = "Compression", "Compression.vcproj", "{E1C65A09-D4A1-4BE8-BE90-E3FC16A0376A}"
EndProject
Global
	GlobalSection(SolutionConfiguration) = preSolution
		ConfigName.0 = Debug
		ConfigName.1 = Release
	EndGlobalSection
	GlobalSection(ProjectDependencies) = postSolution
	EndGlobalSection
	GlobalSection(ProjectConfiguration) = postSolution
		{E1C65A09-D4A1-4BE8-BE90-E3FC16A0376A}.Debug.ActiveCfg = Debug|Win32
		{E1C65A09-D4A1-4BE8-BE90-E3FC16A0376A}.Debug.Build.0 = Debug|Win32
		{E1C65A09-D4A1-4BE8-BE90-E3FC16A0376A}.Release.ActiveCfg = Release|Win32
		{E1C65A09-D4A1-4BE8-BE90-E3FC16A0376A}.Release.Build.0 = Release|Win32
	EndGlobalSection
	GlobalSection(ExtensibilityGlobals) = postSolution
	EndGlobalSection
	GlobalSection(ExtensibilityAddIns) = postSolution
	EndGlobalSection
EndGlobal
