Microsoft Visual Studio Solution File, Format Version 7.00
Project("{8BC9CEB8-8B4A-11D0-8D11-00A0C91BC942}") = "Meshuggah", "Meshuggah.vcproj", "{F8DAC91B-D5CD-45A9-8BD6-945C4B4530E0}"
EndProject
Project("{8BC9CEB8-8B4A-11D0-8D11-00A0C91BC942}") = "EffectSystem", "EffectSystem\EffectSystem.vcproj", "{D1B4628F-60A8-4762-B9D3-4C0FB98D6AE8}"
EndProject
Project("{8BC9CEB8-8B4A-11D0-8D11-00A0C91BC942}") = "WindowSystem", "WindowSystem\WindowSystem.vcproj", "{9807204B-0812-4C87-80B1-EB5E68C1013E}"
EndProject
Project("{8BC9CEB8-8B4A-11D0-8D11-00A0C91BC942}") = "ScrambledArchive", "ScrambledArchive\ScrambledArchive.vcproj", "{D4E4ACD0-759E-407B-889D-D3D027D375D8}"
EndProject
Project("{8BC9CEB8-8B4A-11D0-8D11-00A0C91BC942}") = "zLib", "zLib\zLib.vcproj", "{1C1B1D79-AD2A-45FC-AE51-12BFCA3C1535}"
EndProject
Project("{8BC9CEB8-8B4A-11D0-8D11-00A0C91BC942}") = "Shared", "Shared\Shared.vcproj", "{12768B8B-8D67-4AAF-9730-9FE06921E97C}"
EndProject
Project("{8BC9CEB8-8B4A-11D0-8D11-00A0C91BC942}") = "LibJPEG", "LibJPEG\LibJPEG.vcproj", "{A2DCD1FE-88DD-4891-A27F-A89E004A9445}"
EndProject
Project("{8BC9CEB8-8B4A-11D0-8D11-00A0C91BC942}") = "InfiniteZoom", "Effects\InfiniteZoom\InfiniteZoom.vcproj", "{D6C2453D-D46B-48E9-ABE2-5B917E30CC48}"
EndProject
Project("{8BC9CEB8-8B4A-11D0-8D11-00A0C91BC942}") = "Hair", "Effects\Hair\Hair.vcproj", "{30D6956A-2991-4A13-8592-C89892BC7BBA}"
EndProject
Project("{8BC9CEB8-8B4A-11D0-8D11-00A0C91BC942}") = "Patch", "Meshuggah Tools\Patch\Patch.vcproj", "{3C7B6D5F-9843-4665-B6C7-F751A5F1DBE7}"
EndProject
Project("{8BC9CEB8-8B4A-11D0-8D11-00A0C91BC942}") = "Scramble", "Meshuggah Tools\Scramble\Scramble.vcproj", "{ABDCF6CA-7327-4014-9310-D8C51CE7057F}"
EndProject
Project("{8BC9CEB8-8B4A-11D0-8D11-00A0C91BC942}") = "Beams", "Effects\Beams\Beams.vcproj", "{D0BFBD8A-3D9B-4A22-BE6F-1164AF8DE463}"
EndProject
Project("{8BC9CEB8-8B4A-11D0-8D11-00A0C91BC942}") = "SoftObjects", "Effects\SoftObjects\SoftObjects.vcproj", "{B07E4E92-A787-4638-8B5E-7746782BE81C}"
EndProject
Project("{8BC9CEB8-8B4A-11D0-8D11-00A0C91BC942}") = "DisplacementMap", "Effects\DisplacementMap\DisplacementMap.vcproj", "{A81ADE64-D26C-44E6-83A3-400A2D48A721}"
EndProject
Project("{8BC9CEB8-8B4A-11D0-8D11-00A0C91BC942}") = "OceanScene", "Effects\OceanScene\OceanScene.vcproj", "{6DFA7ED9-648F-4C93-AD52-EC847A8F1C8A}"
EndProject
Project("{8BC9CEB8-8B4A-11D0-8D11-00A0C91BC942}") = "VolumetricLight", "Effects\VolumetricLight\VolumetricLight.vcproj", "{AC0FB4C5-E202-4261-9B95-919E74114CDD}"
EndProject
Global
	GlobalSection(SolutionConfiguration) = preSolution
		ConfigName.0 = Debug
		ConfigName.1 = Release
	EndGlobalSection
	GlobalSection(ProjectDependencies) = postSolution
		{F8DAC91B-D5CD-45A9-8BD6-945C4B4530E0}.0 = {1C1B1D79-AD2A-45FC-AE51-12BFCA3C1535}
		{F8DAC91B-D5CD-45A9-8BD6-945C4B4530E0}.1 = {9807204B-0812-4C87-80B1-EB5E68C1013E}
		{F8DAC91B-D5CD-45A9-8BD6-945C4B4530E0}.2 = {AC0FB4C5-E202-4261-9B95-919E74114CDD}
		{F8DAC91B-D5CD-45A9-8BD6-945C4B4530E0}.3 = {B07E4E92-A787-4638-8B5E-7746782BE81C}
		{F8DAC91B-D5CD-45A9-8BD6-945C4B4530E0}.4 = {12768B8B-8D67-4AAF-9730-9FE06921E97C}
		{F8DAC91B-D5CD-45A9-8BD6-945C4B4530E0}.5 = {D4E4ACD0-759E-407B-889D-D3D027D375D8}
		{F8DAC91B-D5CD-45A9-8BD6-945C4B4530E0}.6 = {6DFA7ED9-648F-4C93-AD52-EC847A8F1C8A}
		{F8DAC91B-D5CD-45A9-8BD6-945C4B4530E0}.7 = {A2DCD1FE-88DD-4891-A27F-A89E004A9445}
		{F8DAC91B-D5CD-45A9-8BD6-945C4B4530E0}.8 = {D6C2453D-D46B-48E9-ABE2-5B917E30CC48}
		{F8DAC91B-D5CD-45A9-8BD6-945C4B4530E0}.9 = {30D6956A-2991-4A13-8592-C89892BC7BBA}
		{F8DAC91B-D5CD-45A9-8BD6-945C4B4530E0}.10 = {D1B4628F-60A8-4762-B9D3-4C0FB98D6AE8}
		{F8DAC91B-D5CD-45A9-8BD6-945C4B4530E0}.11 = {A81ADE64-D26C-44E6-83A3-400A2D48A721}
		{F8DAC91B-D5CD-45A9-8BD6-945C4B4530E0}.12 = {D0BFBD8A-3D9B-4A22-BE6F-1164AF8DE463}
		{ABDCF6CA-7327-4014-9310-D8C51CE7057F}.0 = {D4E4ACD0-759E-407B-889D-D3D027D375D8}
		{ABDCF6CA-7327-4014-9310-D8C51CE7057F}.1 = {12768B8B-8D67-4AAF-9730-9FE06921E97C}
	EndGlobalSection
	GlobalSection(ProjectConfiguration) = postSolution
		{F8DAC91B-D5CD-45A9-8BD6-945C4B4530E0}.Debug.ActiveCfg = Debug|Win32
		{F8DAC91B-D5CD-45A9-8BD6-945C4B4530E0}.Debug.Build.0 = Debug|Win32
		{F8DAC91B-D5CD-45A9-8BD6-945C4B4530E0}.Release.ActiveCfg = Release|Win32
		{F8DAC91B-D5CD-45A9-8BD6-945C4B4530E0}.Release.Build.0 = Release|Win32
		{D1B4628F-60A8-4762-B9D3-4C0FB98D6AE8}.Debug.ActiveCfg = Debug|Win32
		{D1B4628F-60A8-4762-B9D3-4C0FB98D6AE8}.Debug.Build.0 = Debug|Win32
		{D1B4628F-60A8-4762-B9D3-4C0FB98D6AE8}.Release.ActiveCfg = Release|Win32
		{D1B4628F-60A8-4762-B9D3-4C0FB98D6AE8}.Release.Build.0 = Release|Win32
		{9807204B-0812-4C87-80B1-EB5E68C1013E}.Debug.ActiveCfg = Debug|Win32
		{9807204B-0812-4C87-80B1-EB5E68C1013E}.Debug.Build.0 = Debug|Win32
		{9807204B-0812-4C87-80B1-EB5E68C1013E}.Release.ActiveCfg = Release|Win32
		{9807204B-0812-4C87-80B1-EB5E68C1013E}.Release.Build.0 = Release|Win32
		{D4E4ACD0-759E-407B-889D-D3D027D375D8}.Debug.ActiveCfg = Debug|Win32
		{D4E4ACD0-759E-407B-889D-D3D027D375D8}.Debug.Build.0 = Debug|Win32
		{D4E4ACD0-759E-407B-889D-D3D027D375D8}.Release.ActiveCfg = Release|Win32
		{D4E4ACD0-759E-407B-889D-D3D027D375D8}.Release.Build.0 = Release|Win32
		{1C1B1D79-AD2A-45FC-AE51-12BFCA3C1535}.Debug.ActiveCfg = Debug|Win32
		{1C1B1D79-AD2A-45FC-AE51-12BFCA3C1535}.Debug.Build.0 = Debug|Win32
		{1C1B1D79-AD2A-45FC-AE51-12BFCA3C1535}.Release.ActiveCfg = Release|Win32
		{1C1B1D79-AD2A-45FC-AE51-12BFCA3C1535}.Release.Build.0 = Release|Win32
		{12768B8B-8D67-4AAF-9730-9FE06921E97C}.Debug.ActiveCfg = Debug|Win32
		{12768B8B-8D67-4AAF-9730-9FE06921E97C}.Debug.Build.0 = Debug|Win32
		{12768B8B-8D67-4AAF-9730-9FE06921E97C}.Release.ActiveCfg = Release|Win32
		{12768B8B-8D67-4AAF-9730-9FE06921E97C}.Release.Build.0 = Release|Win32
		{A2DCD1FE-88DD-4891-A27F-A89E004A9445}.Debug.ActiveCfg = Debug|Win32
		{A2DCD1FE-88DD-4891-A27F-A89E004A9445}.Debug.Build.0 = Debug|Win32
		{A2DCD1FE-88DD-4891-A27F-A89E004A9445}.Release.ActiveCfg = Release|Win32
		{A2DCD1FE-88DD-4891-A27F-A89E004A9445}.Release.Build.0 = Release|Win32
		{D6C2453D-D46B-48E9-ABE2-5B917E30CC48}.Debug.ActiveCfg = Debug|Win32
		{D6C2453D-D46B-48E9-ABE2-5B917E30CC48}.Debug.Build.0 = Debug|Win32
		{D6C2453D-D46B-48E9-ABE2-5B917E30CC48}.Release.ActiveCfg = Release|Win32
		{D6C2453D-D46B-48E9-ABE2-5B917E30CC48}.Release.Build.0 = Release|Win32
		{30D6956A-2991-4A13-8592-C89892BC7BBA}.Debug.ActiveCfg = Debug|Win32
		{30D6956A-2991-4A13-8592-C89892BC7BBA}.Debug.Build.0 = Debug|Win32
		{30D6956A-2991-4A13-8592-C89892BC7BBA}.Release.ActiveCfg = Release|Win32
		{30D6956A-2991-4A13-8592-C89892BC7BBA}.Release.Build.0 = Release|Win32
		{3C7B6D5F-9843-4665-B6C7-F751A5F1DBE7}.Debug.ActiveCfg = Debug|Win32
		{3C7B6D5F-9843-4665-B6C7-F751A5F1DBE7}.Debug.Build.0 = Debug|Win32
		{3C7B6D5F-9843-4665-B6C7-F751A5F1DBE7}.Release.ActiveCfg = Release|Win32
		{3C7B6D5F-9843-4665-B6C7-F751A5F1DBE7}.Release.Build.0 = Release|Win32
		{ABDCF6CA-7327-4014-9310-D8C51CE7057F}.Debug.ActiveCfg = Debug|Win32
		{ABDCF6CA-7327-4014-9310-D8C51CE7057F}.Debug.Build.0 = Debug|Win32
		{ABDCF6CA-7327-4014-9310-D8C51CE7057F}.Release.ActiveCfg = Release|Win32
		{ABDCF6CA-7327-4014-9310-D8C51CE7057F}.Release.Build.0 = Release|Win32
		{D0BFBD8A-3D9B-4A22-BE6F-1164AF8DE463}.Debug.ActiveCfg = Debug|Win32
		{D0BFBD8A-3D9B-4A22-BE6F-1164AF8DE463}.Debug.Build.0 = Debug|Win32
		{D0BFBD8A-3D9B-4A22-BE6F-1164AF8DE463}.Release.ActiveCfg = Release|Win32
		{D0BFBD8A-3D9B-4A22-BE6F-1164AF8DE463}.Release.Build.0 = Release|Win32
		{B07E4E92-A787-4638-8B5E-7746782BE81C}.Debug.ActiveCfg = Debug|Win32
		{B07E4E92-A787-4638-8B5E-7746782BE81C}.Debug.Build.0 = Debug|Win32
		{B07E4E92-A787-4638-8B5E-7746782BE81C}.Release.ActiveCfg = Release|Win32
		{B07E4E92-A787-4638-8B5E-7746782BE81C}.Release.Build.0 = Release|Win32
		{A81ADE64-D26C-44E6-83A3-400A2D48A721}.Debug.ActiveCfg = Debug|Win32
		{A81ADE64-D26C-44E6-83A3-400A2D48A721}.Debug.Build.0 = Debug|Win32
		{A81ADE64-D26C-44E6-83A3-400A2D48A721}.Release.ActiveCfg = Release|Win32
		{A81ADE64-D26C-44E6-83A3-400A2D48A721}.Release.Build.0 = Release|Win32
		{6DFA7ED9-648F-4C93-AD52-EC847A8F1C8A}.Debug.ActiveCfg = Debug|Win32
		{6DFA7ED9-648F-4C93-AD52-EC847A8F1C8A}.Debug.Build.0 = Debug|Win32
		{6DFA7ED9-648F-4C93-AD52-EC847A8F1C8A}.Release.ActiveCfg = Release|Win32
		{6DFA7ED9-648F-4C93-AD52-EC847A8F1C8A}.Release.Build.0 = Release|Win32
		{AC0FB4C5-E202-4261-9B95-919E74114CDD}.Debug.ActiveCfg = Debug|Win32
		{AC0FB4C5-E202-4261-9B95-919E74114CDD}.Debug.Build.0 = Debug|Win32
		{AC0FB4C5-E202-4261-9B95-919E74114CDD}.Release.ActiveCfg = Release|Win32
		{AC0FB4C5-E202-4261-9B95-919E74114CDD}.Release.Build.0 = Release|Win32
	EndGlobalSection
	GlobalSection(ExtensibilityGlobals) = postSolution
	EndGlobalSection
	GlobalSection(ExtensibilityAddIns) = postSolution
	EndGlobalSection
EndGlobal
